
Microsoft Visual Studio Solution File, Format Version 12.00
# Visual Studio Version 17
VisualStudioVersion = 17.0.31903.59
MinimumVisualStudioVersion = 10.0.40219.1
Project("{9A19103F-16F7-4668-BE54-9A1E7A4F7556}") = "API", "API\API.csproj", "{4FF6F72B-5F14-4D93-B7CC-1B98F35C31D9}"
EndProject
Project("{9A19103F-16F7-4668-BE54-9A1E7A4F7556}") = "Application", "Application\Application.csproj", "{542E37B6-C395-4129-9307-D123644E0AC5}"
EndProject
Project("{9A19103F-16F7-4668-BE54-9A1E7A4F7556}") = "Domain", "Domain\Domain.csproj", "{99497398-F193-43DC-9AA2-AF07F9AAAA05}"
EndProject
Project("{9A19103F-16F7-4668-BE54-9A1E7A4F7556}") = "Persistence", "Persistence\Persistence.csproj", "{2F78C5DB-4EF8-498B-986B-7A33F4093926}"
EndProject
Project("{FAE04EC0-301F-11D3-BF4B-00C04F79EFBC}") = "Infrastructure", "Infrastructure\Infrastructure.csproj", "{EC3DE7E9-A0AF-4891-AC55-4BEA3CBBFCF4}"
EndProject
Global
	GlobalSection(SolutionConfigurationPlatforms) = preSolution
		Debug|Any CPU = Debug|Any CPU
		Release|Any CPU = Release|Any CPU
	EndGlobalSection
	GlobalSection(ProjectConfigurationPlatforms) = postSolution
		{4FF6F72B-5F14-4D93-B7CC-1B98F35C31D9}.Debug|Any CPU.ActiveCfg = Debug|Any CPU
		{4FF6F72B-5F14-4D93-B7CC-1B98F35C31D9}.Debug|Any CPU.Build.0 = Debug|Any CPU
		{4FF6F72B-5F14-4D93-B7CC-1B98F35C31D9}.Release|Any CPU.ActiveCfg = Release|Any CPU
		{4FF6F72B-5F14-4D93-B7CC-1B98F35C31D9}.Release|Any CPU.Build.0 = Release|Any CPU
		{542E37B6-C395-4129-9307-D123644E0AC5}.Debug|Any CPU.ActiveCfg = Debug|Any CPU
		{542E37B6-C395-4129-9307-D123644E0AC5}.Debug|Any CPU.Build.0 = Debug|Any CPU
		{542E37B6-C395-4129-9307-D123644E0AC5}.Release|Any CPU.ActiveCfg = Release|Any CPU
		{542E37B6-C395-4129-9307-D123644E0AC5}.Release|Any CPU.Build.0 = Release|Any CPU
		{99497398-F193-43DC-9AA2-AF07F9AAAA05}.Debug|Any CPU.ActiveCfg = Debug|Any CPU
		{99497398-F193-43DC-9AA2-AF07F9AAAA05}.Debug|Any CPU.Build.0 = Debug|Any CPU
		{99497398-F193-43DC-9AA2-AF07F9AAAA05}.Release|Any CPU.ActiveCfg = Release|Any CPU
		{99497398-F193-43DC-9AA2-AF07F9AAAA05}.Release|Any CPU.Build.0 = Release|Any CPU
		{2F78C5DB-4EF8-498B-986B-7A33F4093926}.Debug|Any CPU.ActiveCfg = Debug|Any CPU
		{2F78C5DB-4EF8-498B-986B-7A33F4093926}.Debug|Any CPU.Build.0 = Debug|Any CPU
		{2F78C5DB-4EF8-498B-986B-7A33F4093926}.Release|Any CPU.ActiveCfg = Release|Any CPU
		{2F78C5DB-4EF8-498B-986B-7A33F4093926}.Release|Any CPU.Build.0 = Release|Any CPU
		{EC3DE7E9-A0AF-4891-AC55-4BEA3CBBFCF4}.Debug|Any CPU.ActiveCfg = Debug|Any CPU
		{EC3DE7E9-A0AF-4891-AC55-4BEA3CBBFCF4}.Debug|Any CPU.Build.0 = Debug|Any CPU
		{EC3DE7E9-A0AF-4891-AC55-4BEA3CBBFCF4}.Release|Any CPU.ActiveCfg = Release|Any CPU
		{EC3DE7E9-A0AF-4891-AC55-4BEA3CBBFCF4}.Release|Any CPU.Build.0 = Release|Any CPU
	EndGlobalSection
	GlobalSection(SolutionProperties) = preSolution
		HideSolutionNode = FALSE
	EndGlobalSection
	GlobalSection(ExtensibilityGlobals) = postSolution
		SolutionGuid = {0B7D3160-3728-4FF2-80C3-920230CAD9E1}
	EndGlobalSection
EndGlobal
